# This file is autogenerated, do not edit; changes may be undone by the next 'dep ensure'.


[[projects]]
  branch = "master"
  digest = "1:4e8371530875271d3a2a08645767384855616989a7cab2b1fecfc4f7a48232d8"
  name = "github.com/skip2/go-qrcode"
  packages = [
    ".",
    "bitset",
    "reedsolomon",
  ]
  pruneopts = "UT"
  revision = "9434209cb0863a5f3c316b49a8abb7f7dc80610a"

[solve-meta]
  analyzer-name = "dep"
  analyzer-version = 1
  input-imports = ["github.com/skip2/go-qrcode"]
  solver-name = "gps-cdcl"
  solver-version = 1
